
Microsoft Visual Studio Solution File, Format Version 12.00
# Visual Studio Version 17
VisualStudioVersion = 17.0.31521.260
MinimumVisualStudioVersion = 10.0.40219.1
Project("{FAE04EC0-301F-11D3-BF4B-00C04F79EFBC}") = "gRPCServer", "gRPCServer\gRPCServer.csproj", "{69185FA2-6C43-49FF-8169-9B70C7043C9B}"
EndProject
Project("{FAE04EC0-301F-11D3-BF4B-00C04F79EFBC}") = "gRPCClient", "gRPCClient\gRPCClient.csproj", "{F1139500-422C-4B41-B86E-F12E564F8D96}"
EndProject
Global
	GlobalSection(SolutionConfigurationPlatforms) = preSolution
		Debug|Any CPU = Debug|Any CPU
		Debug|x64 = Debug|x64
		Release|Any CPU = Release|Any CPU
		Release|x64 = Release|x64
	EndGlobalSection
	GlobalSection(ProjectConfigurationPlatforms) = postSolution
		{69185FA2-6C43-49FF-8169-9B70C7043C9B}.Debug|Any CPU.ActiveCfg = Debug|Any CPU
		{69185FA2-6C43-49FF-8169-9B70C7043C9B}.Debug|Any CPU.Build.0 = Debug|Any CPU
		{69185FA2-6C43-49FF-8169-9B70C7043C9B}.Debug|x64.ActiveCfg = Debug|Any CPU
		{69185FA2-6C43-49FF-8169-9B70C7043C9B}.Debug|x64.Build.0 = Debug|Any CPU
		{69185FA2-6C43-49FF-8169-9B70C7043C9B}.Release|Any CPU.ActiveCfg = Release|Any CPU
		{69185FA2-6C43-49FF-8169-9B70C7043C9B}.Release|Any CPU.Build.0 = Release|Any CPU
		{69185FA2-6C43-49FF-8169-9B70C7043C9B}.Release|x64.ActiveCfg = Release|Any CPU
		{69185FA2-6C43-49FF-8169-9B70C7043C9B}.Release|x64.Build.0 = Release|Any CPU
		{F1139500-422C-4B41-B86E-F12E564F8D96}.Debug|Any CPU.ActiveCfg = Debug|Any CPU
		{F1139500-422C-4B41-B86E-F12E564F8D96}.Debug|Any CPU.Build.0 = Debug|Any CPU
		{F1139500-422C-4B41-B86E-F12E564F8D96}.Debug|x64.ActiveCfg = Debug|Any CPU
		{F1139500-422C-4B41-B86E-F12E564F8D96}.Debug|x64.Build.0 = Debug|Any CPU
		{F1139500-422C-4B41-B86E-F12E564F8D96}.Release|Any CPU.ActiveCfg = Release|Any CPU
		{F1139500-422C-4B41-B86E-F12E564F8D96}.Release|Any CPU.Build.0 = Release|Any CPU
		{F1139500-422C-4B41-B86E-F12E564F8D96}.Release|x64.ActiveCfg = Release|Any CPU
		{F1139500-422C-4B41-B86E-F12E564F8D96}.Release|x64.Build.0 = Release|Any CPU
	EndGlobalSection
	GlobalSection(SolutionProperties) = preSolution
		HideSolutionNode = FALSE
	EndGlobalSection
	GlobalSection(ExtensibilityGlobals) = postSolution
		SolutionGuid = {84EECC63-786A-499C-ADD5-5E88B3D24801}
	EndGlobalSection
EndGlobal
